cyphar.com/go-pathrs v0.2.1 h1:9nx1vOgwVvX1mNBWDu93+vaceedpbsDqo+XuBGL40b8=
cyphar.com/go-pathrs v0.2.1/go.mod h1:y8f1EMG7r+hCuFf/rXsKqMJrJAUoADZGNh5/vZPKcGc=
github.com/cyphar/filepath-securejoin v0.6.0 h1:BtGB77njd6SVO6VztOHfPxKitJvd/VPT+OFBFMOi1Is=
github.com/cyphar/filepath-securejoin v0.6.0/go.mod h1:A8hd4EnAeyujCJRrICiOWqjS1AX0a9kM5XL+NwKoYSc=
github.com/davecgh/go-spew v1.1.1 h1:vj9j/u1bqnvCEfJOwUhtlOARqs3+rkHYY13jYWTU97c=
github.com/davecgh/go-spew v1.1.1/go.mod h1:J7Y8YcW2NihsgmVo/mv3lAwl/skON4iLHjSsI+c5H38=
github.com/fsnotify/fsnotify v1.10.1 h1:b0/UzAf9yR5rhf3RPm9gf3ehBPpf0oZKIjtpKrx59Ho=
github.com/fsnotify/fsnotify v1.10.1/go.mod h1:TLheqan6HD6GBK6PrDWyDPBaEV8LspOxvPSjC+bVfgo=
github.com/google/go-cmp v0.7.0 h1:wk8382ETsv4JYUZwIsn6YpYiWiBsYLSJiTsyBybVuN8=
github.com/google/go-cmp v0.7.0/go.mod h1:pXiqmnSA92OHEEa9HXL2W4E7lf9JzCmGVUdgjX3N/iU=
github.com/opencontainers/selinux v1.15.1 h1:ERxeh5caJvCzNAKdI8WQbJmB1LDTn4BuaAg8wihLBpA=
github.com/opencontainers/selinux v1.15.1/go.mod h1:LenyElirjUHszfxrjuFqC85HIeXZKumHcKMQtnaDlQQ=
github.com/peterbourgon/ff/v3 v3.4.0 h1:QBvM/rizZM1cB0p0lGMdmR7HxZeI/ZrBWB4DqLkMUBc=
github.com/peterbourgon/ff/v3 v3.4.0/go.mod h1:zjJVUhx+twciwfDl0zBcFzl4dW8axCRyXE/eKY9RztQ=
github.com/pmezard/go-difflib v1.0.0 h1:4DBwDE0NGyQoBHbLQYPwSUPoCMWR5BEzIk/f1lZbAQM=
github.com/pmezard/go-difflib v1.0.0/go.mod h1:iKH77koFhYxTK1pcRnkKkqfTogsbg7gZNVY4sRDYZ/4=
github.com/stretchr/testify v1.11.1 h1:7s2iGBzp5EwR7/aIZr8ao5+dra3wiQyKjjFuvgVKu7U=
github.com/stretchr/testify v1.11.1/go.mod h1:wZwfW3scLgRK+23gO65QZefKpKQRnfz6sD981Nm4B6U=
go.uber.org/mock v0.6.0 h1:hyF9dfmbgIX5EfOdasqLsWD6xqpNZlXblLB/Dbnwv3Y=
go.uber.org/mock v0.6.0/go.mod h1:KiVJ4BqZJaMj4svdfmHM0AUx4NJYO8ZNpPnZn1Z+BBU=
golang.org/x/crypto v0.56.0 h1:GUh5Ii4J5jtcseSMiRqr1jXCNHoxjeV9Fmekc2oLy6Y=
golang.org/x/crypto v0.56.0/go.mod h1:OMW5y6CY9l38uPLmxU6l6pwcXp1obtLo3e6gT7gQR2I=
golang.org/x/mod v0.38.0 h1:MECBjubtXD7yj4HrhIUcywNaGeNVUdfVnxmPajOk4yk=
golang.org/x/mod v0.38.0/go.mod h1:V6Xz0pq8TQ3dGqVQ1FVHuelZpAL0uNhSkk9ogYP3c40=
golang.org/x/net v0.58.0 h1:ynWG7rqYi4ccpTEuPZ2QGWHktVEM9DMCj9yzDE0Q7To=
golang.org/x/net v0.58.0/go.mod h1:YwCddHnFlT7eLQqVprV19OnhLGtc5xOKgE0RyqgfWAU=
golang.org/x/sync v0.22.0 h1:SZjpbeLmrCk4xhRSZFNZW5gFUeCeFgjekvI/+gfScek=
golang.org/x/sync v0.22.0/go.mod h1:9xrNwdLfx4jkKbNva9FpL6vEN7evnE43NNNJQ2LF3+0=
golang.org/x/sys v0.47.0 h1:o7XGOvZQCADBQQ4Y7VNq2dRWQR7JmOUW8Kxx4ZsNgWs=
golang.org/x/sys v0.47.0/go.mod h1:4GL1E5IUh+htKOUEOaiffhrAeqysfVGipDYzABqnCmw=
golang.org/x/term v0.45.0 h1:NwWyBmoJCbfTHpxrWoZ9C6/VxOf7ic219I8xZZFdrf0=
golang.org/x/term v0.45.0/go.mod h1:9aqxs0blBcrm/n0L9QW0aRVD+ktan8ssZromtqJC43w=
golang.org/x/time v0.15.0 h1:bbrp8t3bGUeFOx08pvsMYRTCVSMk89u4tKbNOZbp88U=
golang.org/x/time v0.15.0/go.mod h1:Y4YMaQmXwGQZoFaVFk4YpCt4FLQMYKZe9oeV/f4MSno=
golang.org/x/tools v0.48.0 h1:3+hClM1aLL5mjMKm5ovokw9epgRXPuu2tILgismM6RE=
golang.org/x/tools v0.48.0/go.mod h1:08xX0orndb/F7jJxGDicx061tyd5pcMto75YMAXr6lk=
gopkg.in/yaml.v3 v3.0.1 h1:fxVm/GzAzEWqLHuvctI91KS9hhNmmWOoWu0XTYJS7CA=
gopkg.in/yaml.v3 v3.0.1/go.mod h1:K4uyk7z7BCEPqu6E+C64Yfv1cQ7kz7rIZviUmN+EgEM=
